<?xml version="1.0" encoding="utf-8"?>
<Project xmlns="http://schemas.microsoft.com/developer/msbuild/2003">
  <PropertyGroup>
    <ProjectGuid>{c6738127-84eb-4584-885f-c8fad4460f1a}</ProjectGuid>
    <MainSource>dws2Runtime.dpk</MainSource>
    <Configuration Condition=" '$(Configuration)' == '' ">Debug</Configuration>
    <Platform Condition=" '$(Platform)' == '' ">AnyCPU</Platform>
    <DCC_DCCCompiler>DCC32</DCC_DCCCompiler>
    <DCC_DependencyCheckOutputName>dws2Runtime70.bpl.20</DCC_DependencyCheckOutputName>
  </PropertyGroup>
  <PropertyGroup Condition=" '$(Configuration)|$(Platform)' == 'Release|AnyCPU' ">
    <Version>7.0</Version>
    <DCC_DebugInformation>False</DCC_DebugInformation>
    <DCC_LocalDebugSymbols>False</DCC_LocalDebugSymbols>
    <DCC_Optimize>False</DCC_Optimize>
    <DCC_StrictVarStrings>False</DCC_StrictVarStrings>
    <DCC_GenerateStackFrames>True</DCC_GenerateStackFrames>
    <DCC_SymbolReferenceInfo>0</DCC_SymbolReferenceInfo>
    <DCC_DcuOutput>U:\source\_unit</DCC_DcuOutput>
    <DCC_ObjOutput>U:\source\_unit</DCC_ObjOutput>
    <DCC_HppOutput>U:\source\_unit</DCC_HppOutput>
    <DCC_BplOutput>U:\bin</DCC_BplOutput>
    <DCC_DcpOutput>U:\source\_dcp</DCC_DcpOutput>
    <DCC_UnitSearchPath>U:\source\_dcp;U:\source\core.bpl;U:\source\core.bpl\imports\Indy\Core;U:\source\core.bpl\imports\Indy\Protocols;U:\source\core.bpl\imports\Indy\SuperCore;U:\source\core.bpl\imports\Indy\System;U:\source\core.bpl\imports\Cipher\Source;U:\source\core.bpl\imports\kbmMemTable\Source</DCC_UnitSearchPath>
    <DCC_ResourcePath>U:\source\_dcp;U:\source\core.bpl;U:\source\core.bpl\imports\Indy\Core;U:\source\core.bpl\imports\Indy\Protocols;U:\source\core.bpl\imports\Indy\SuperCore;U:\source\core.bpl\imports\Indy\System;U:\source\core.bpl\imports\Cipher\Source;U:\source\core.bpl\imports\kbmMemTable\Source</DCC_ResourcePath>
    <DCC_ObjPath>U:\source\_dcp;U:\source\core.bpl;U:\source\core.bpl\imports\Indy\Core;U:\source\core.bpl\imports\Indy\Protocols;U:\source\core.bpl\imports\Indy\SuperCore;U:\source\core.bpl\imports\Indy\System;U:\source\core.bpl\imports\Cipher\Source;U:\source\core.bpl\imports\kbmMemTable\Source</DCC_ObjPath>
    <DCC_IncludePath>U:\source\_dcp;U:\source\core.bpl;U:\source\core.bpl\imports\Indy\Core;U:\source\core.bpl\imports\Indy\Protocols;U:\source\core.bpl\imports\Indy\SuperCore;U:\source\core.bpl\imports\Indy\System;U:\source\core.bpl\imports\Cipher\Source;U:\source\core.bpl\imports\kbmMemTable\Source</DCC_IncludePath>
    <DCC_Define>RELEASE</DCC_Define>
    <DCC_SYMBOL_DEPRECATED>False</DCC_SYMBOL_DEPRECATED>
    <DCC_SYMBOL_LIBRARY>False</DCC_SYMBOL_LIBRARY>
    <DCC_SYMBOL_PLATFORM>False</DCC_SYMBOL_PLATFORM>
    <DCC_SYMBOL_EXPERIMENTAL>False</DCC_SYMBOL_EXPERIMENTAL>
    <DCC_UNIT_LIBRARY>False</DCC_UNIT_LIBRARY>
    <DCC_UNIT_PLATFORM>False</DCC_UNIT_PLATFORM>
    <DCC_UNIT_DEPRECATED>False</DCC_UNIT_DEPRECATED>
    <DCC_UNIT_EXPERIMENTAL>False</DCC_UNIT_EXPERIMENTAL>
  </PropertyGroup>
  <PropertyGroup Condition=" '$(Configuration)|$(Platform)' == 'Debug|AnyCPU' ">
    <Version>7.0</Version>
    <DCC_Optimize>False</DCC_Optimize>
    <DCC_StrictVarStrings>False</DCC_StrictVarStrings>
    <DCC_GenerateStackFrames>True</DCC_GenerateStackFrames>
    <DCC_BplOutput>E:\work\1bis\source\core.bpl\imports\Dws\Delphi7</DCC_BplOutput>
    <DCC_UnitSearchPath>E:\work\1bis\source\core.bpl\imports\Dws\Delphi7</DCC_UnitSearchPath>
    <DCC_ResourcePath>E:\work\1bis\source\core.bpl\imports\Dws\Delphi7</DCC_ResourcePath>
    <DCC_ObjPath>E:\work\1bis\source\core.bpl\imports\Dws\Delphi7</DCC_ObjPath>
    <DCC_IncludePath>E:\work\1bis\source\core.bpl\imports\Dws\Delphi7</DCC_IncludePath>
    <DCC_SYMBOL_DEPRECATED>False</DCC_SYMBOL_DEPRECATED>
    <DCC_SYMBOL_LIBRARY>False</DCC_SYMBOL_LIBRARY>
    <DCC_SYMBOL_PLATFORM>False</DCC_SYMBOL_PLATFORM>
    <DCC_SYMBOL_EXPERIMENTAL>False</DCC_SYMBOL_EXPERIMENTAL>
    <DCC_UNIT_LIBRARY>False</DCC_UNIT_LIBRARY>
    <DCC_UNIT_PLATFORM>False</DCC_UNIT_PLATFORM>
    <DCC_UNIT_DEPRECATED>False</DCC_UNIT_DEPRECATED>
    <DCC_UNIT_EXPERIMENTAL>False</DCC_UNIT_EXPERIMENTAL>
  </PropertyGroup>
  <ProjectExtensions>
    <Borland.Personality>Delphi.Personality</Borland.Personality>
    <Borland.ProjectType>Package</Borland.ProjectType>
    <BorlandProject>
<BorlandProject><Delphi.Personality><Parameters><Parameters Name="HostApplication">U:\bin\loader.exe</Parameters><Parameters Name="UseLauncher">False</Parameters><Parameters Name="LoadAllSymbols">True</Parameters><Parameters Name="LoadUnspecifiedSymbols">False</Parameters></Parameters><Package_Options><Package_Options Name="PackageDescription">DelphiWebScript II</Package_Options><Package_Options Name="ImplicitBuild">False</Package_Options><Package_Options Name="DesigntimeOnly">False</Package_Options><Package_Options Name="RuntimeOnly">True</Package_Options><Package_Options Name="LibSuffix">70</Package_Options><Package_Options Name="LibVersion">20</Package_Options></Package_Options><VersionInfo><VersionInfo Name="IncludeVerInfo">True</VersionInfo><VersionInfo Name="AutoIncBuild">True</VersionInfo><VersionInfo Name="MajorVer">1</VersionInfo><VersionInfo Name="MinorVer">0</VersionInfo><VersionInfo Name="Release">0</VersionInfo><VersionInfo Name="Build">64</VersionInfo><VersionInfo Name="Debug">False</VersionInfo><VersionInfo Name="PreRelease">False</VersionInfo><VersionInfo Name="Special">False</VersionInfo><VersionInfo Name="Private">False</VersionInfo><VersionInfo Name="DLL">False</VersionInfo><VersionInfo Name="Locale">1049</VersionInfo><VersionInfo Name="CodePage">1251</VersionInfo></VersionInfo><VersionInfoKeys><VersionInfoKeys Name="CompanyName">NextSoft</VersionInfoKeys><VersionInfoKeys Name="FileDescription">BIS Secure</VersionInfoKeys><VersionInfoKeys Name="FileVersion">1.0.0.64</VersionInfoKeys><VersionInfoKeys Name="InternalName">secure.bpl</VersionInfoKeys><VersionInfoKeys Name="LegalCopyright">NextSoft</VersionInfoKeys><VersionInfoKeys Name="LegalTrademarks">NextSoft</VersionInfoKeys><VersionInfoKeys Name="OriginalFilename">secure.bpl</VersionInfoKeys><VersionInfoKeys Name="ProductName">BIS</VersionInfoKeys><VersionInfoKeys Name="ProductVersion">1.0.0.0</VersionInfoKeys><VersionInfoKeys Name="Comments">Secure of Base Intellectual System</VersionInfoKeys></VersionInfoKeys><Source><Source Name="MainSource">dws2Runtime.dpk</Source></Source></Delphi.Personality></BorlandProject></BorlandProject>
  </ProjectExtensions>
  <Import Project="$(MSBuildBinPath)\Borland.Delphi.Targets" />
  <ItemGroup>
    <DelphiCompile Include="dws2Runtime.dpk">
      <MainSource>MainSource</MainSource>
    </DelphiCompile>
    <DCCReference Include="..\source\dws2Comp.pas" />
    <DCCReference Include="..\source\dws2Compiler.pas" />
    <DCCReference Include="..\source\dws2CompStrings.pas" />
    <DCCReference Include="..\source\dws2Debugger.pas" />
    <DCCReference Include="..\source\dws2Errors.pas" />
    <DCCReference Include="..\source\dws2Exprs.pas" />
    <DCCReference Include="..\source\dws2FileFunctions.pas" />
    <DCCReference Include="..\source\dws2Functions.pas" />
    <DCCReference Include="..\source\dws2GlobalVarsFunctions.pas" />
    <DCCReference Include="..\source\dws2HtmlFilter.pas" />
    <DCCReference Include="..\Source\dws2IDEUtils.pas" />
    <DCCReference Include="..\source\dws2MathFunctions.pas" />
    <DCCReference Include="..\source\dws2Stack.pas" />
    <DCCReference Include="..\Source\dws2StringFunctions.pas" />
    <DCCReference Include="..\Source\dws2StringResult.pas" />
    <DCCReference Include="..\source\dws2Strings.pas" />
    <DCCReference Include="..\source\dws2Symbols.pas" />
    <DCCReference Include="..\source\dws2TimeFunctions.pas" />
    <DCCReference Include="..\source\dws2Tokenizer.pas" />
    <DCCReference Include="..\Source\dws2UnitUtils.pas" />
    <DCCReference Include="..\Source\dws2VariantFunctions.pas" />
    <DCCReference Include="rtl.dcp" />
    <None Include="..\source\dws2.inc" />
  </ItemGroup>
</Project>