<?xml version="1.0" encoding="utf-8"?>
<Project xmlns="http://schemas.microsoft.com/developer/msbuild/2003">
  <PropertyGroup>
    <ProjectGuid>{4b67c13b-96b4-4aaa-9273-901ea3727c3e}</ProjectGuid>
    <MainSource>Plg1.dpk</MainSource>
    <Configuration Condition=" '$(Configuration)' == '' ">Debug</Configuration>
    <Platform Condition=" '$(Platform)' == '' ">AnyCPU</Platform>
    <DCC_DCCCompiler>DCC32</DCC_DCCCompiler>
    <DCC_DependencyCheckOutputName>Plg1.bpl</DCC_DependencyCheckOutputName>
  </PropertyGroup>
  <PropertyGroup Condition=" '$(Configuration)|$(Platform)' == 'Release|AnyCPU' ">
    <Version>7.0</Version>
    <DCC_DebugInformation>False</DCC_DebugInformation>
    <DCC_WriteableConstants>True</DCC_WriteableConstants>
    <DCC_LocalDebugSymbols>False</DCC_LocalDebugSymbols>
    <DCC_SymbolReferenceInfo>0</DCC_SymbolReferenceInfo>
    <DCC_DcuOutput>U:\source\_unit</DCC_DcuOutput>
    <DCC_ObjOutput>U:\source\_unit</DCC_ObjOutput>
    <DCC_HppOutput>U:\source\_unit</DCC_HppOutput>
    <DCC_BplOutput>U:\bin</DCC_BplOutput>
    <DCC_DcpOutput>U:\source\_dcp</DCC_DcpOutput>
    <DCC_UnitSearchPath>U:\source\_dcp;U:\source\core.bpl;U:\source\core.bpl\imports\Indy\Core;U:\source\core.bpl\imports\Indy\Protocols;U:\source\core.bpl\imports\Indy\SuperCore;U:\source\core.bpl\imports\Indy\System;U:\source\core.bpl\imports\Cipher\Source;U:\source\core.bpl\imports\kbmMemTable\Source</DCC_UnitSearchPath>
    <DCC_ResourcePath>U:\source\_dcp;U:\source\core.bpl;U:\source\core.bpl\imports\Indy\Core;U:\source\core.bpl\imports\Indy\Protocols;U:\source\core.bpl\imports\Indy\SuperCore;U:\source\core.bpl\imports\Indy\System;U:\source\core.bpl\imports\Cipher\Source;U:\source\core.bpl\imports\kbmMemTable\Source</DCC_ResourcePath>
    <DCC_ObjPath>U:\source\_dcp;U:\source\core.bpl;U:\source\core.bpl\imports\Indy\Core;U:\source\core.bpl\imports\Indy\Protocols;U:\source\core.bpl\imports\Indy\SuperCore;U:\source\core.bpl\imports\Indy\System;U:\source\core.bpl\imports\Cipher\Source;U:\source\core.bpl\imports\kbmMemTable\Source</DCC_ObjPath>
    <DCC_IncludePath>U:\source\_dcp;U:\source\core.bpl;U:\source\core.bpl\imports\Indy\Core;U:\source\core.bpl\imports\Indy\Protocols;U:\source\core.bpl\imports\Indy\SuperCore;U:\source\core.bpl\imports\Indy\System;U:\source\core.bpl\imports\Cipher\Source;U:\source\core.bpl\imports\kbmMemTable\Source</DCC_IncludePath>
    <DCC_Define>RELEASE</DCC_Define>
    <DCC_SYMBOL_DEPRECATED>False</DCC_SYMBOL_DEPRECATED>
    <DCC_SYMBOL_LIBRARY>False</DCC_SYMBOL_LIBRARY>
    <DCC_SYMBOL_PLATFORM>False</DCC_SYMBOL_PLATFORM>
    <DCC_SYMBOL_EXPERIMENTAL>False</DCC_SYMBOL_EXPERIMENTAL>
    <DCC_UNIT_LIBRARY>False</DCC_UNIT_LIBRARY>
    <DCC_UNIT_PLATFORM>False</DCC_UNIT_PLATFORM>
    <DCC_UNIT_DEPRECATED>False</DCC_UNIT_DEPRECATED>
    <DCC_UNIT_EXPERIMENTAL>False</DCC_UNIT_EXPERIMENTAL>
  </PropertyGroup>
  <PropertyGroup Condition=" '$(Configuration)|$(Platform)' == 'Debug|AnyCPU' ">
    <Version>7.0</Version>
    <DCC_WriteableConstants>True</DCC_WriteableConstants>
    <DCC_UnitSearchPath>E:\work\!_for_bis\DwsNew\dws2src20-20030907\dws2rel\Source</DCC_UnitSearchPath>
    <DCC_ResourcePath>E:\work\!_for_bis\DwsNew\dws2src20-20030907\dws2rel\Source</DCC_ResourcePath>
    <DCC_ObjPath>E:\work\!_for_bis\DwsNew\dws2src20-20030907\dws2rel\Source</DCC_ObjPath>
    <DCC_IncludePath>E:\work\!_for_bis\DwsNew\dws2src20-20030907\dws2rel\Source</DCC_IncludePath>
    <DCC_SYMBOL_DEPRECATED>False</DCC_SYMBOL_DEPRECATED>
    <DCC_SYMBOL_LIBRARY>False</DCC_SYMBOL_LIBRARY>
    <DCC_SYMBOL_PLATFORM>False</DCC_SYMBOL_PLATFORM>
    <DCC_SYMBOL_EXPERIMENTAL>False</DCC_SYMBOL_EXPERIMENTAL>
    <DCC_UNIT_LIBRARY>False</DCC_UNIT_LIBRARY>
    <DCC_UNIT_PLATFORM>False</DCC_UNIT_PLATFORM>
    <DCC_UNIT_DEPRECATED>False</DCC_UNIT_DEPRECATED>
    <DCC_UNIT_EXPERIMENTAL>False</DCC_UNIT_EXPERIMENTAL>
    <DCC_BplOutput>E:\work\!_for_bis\DwsNew\dws2src20-20030907\dws2rel\Demos\Plugin</DCC_BplOutput>
  </PropertyGroup>
  <ProjectExtensions>
    <Borland.Personality>Delphi.Personality</Borland.Personality>
    <Borland.ProjectType>Package</Borland.ProjectType>
    <BorlandProject>
<BorlandProject><Delphi.Personality><Parameters><Parameters Name="HostApplication">E:\work\!_for_bis\DwsNew\dws2src20-20030907\dws2rel\Demos\Plugin\plgMain.exe</Parameters><Parameters Name="UseLauncher">False</Parameters><Parameters Name="LoadAllSymbols">True</Parameters><Parameters Name="LoadUnspecifiedSymbols">False</Parameters></Parameters><Package_Options><Package_Options Name="ImplicitBuild">True</Package_Options><Package_Options Name="DesigntimeOnly">False</Package_Options><Package_Options Name="RuntimeOnly">True</Package_Options></Package_Options><VersionInfo><VersionInfo Name="IncludeVerInfo">True</VersionInfo><VersionInfo Name="AutoIncBuild">True</VersionInfo><VersionInfo Name="MajorVer">1</VersionInfo><VersionInfo Name="MinorVer">0</VersionInfo><VersionInfo Name="Release">0</VersionInfo><VersionInfo Name="Build">54</VersionInfo><VersionInfo Name="Debug">False</VersionInfo><VersionInfo Name="PreRelease">False</VersionInfo><VersionInfo Name="Special">False</VersionInfo><VersionInfo Name="Private">False</VersionInfo><VersionInfo Name="DLL">False</VersionInfo><VersionInfo Name="Locale">1049</VersionInfo><VersionInfo Name="CodePage">1251</VersionInfo></VersionInfo><VersionInfoKeys><VersionInfoKeys Name="CompanyName">NextSoft</VersionInfoKeys><VersionInfoKeys Name="FileDescription">BIS Secure</VersionInfoKeys><VersionInfoKeys Name="FileVersion">1.0.0.54</VersionInfoKeys><VersionInfoKeys Name="InternalName">secure.bpl</VersionInfoKeys><VersionInfoKeys Name="LegalCopyright">NextSoft</VersionInfoKeys><VersionInfoKeys Name="LegalTrademarks">NextSoft</VersionInfoKeys><VersionInfoKeys Name="OriginalFilename">secure.bpl</VersionInfoKeys><VersionInfoKeys Name="ProductName">BIS</VersionInfoKeys><VersionInfoKeys Name="ProductVersion">1.0.0.0</VersionInfoKeys><VersionInfoKeys Name="Comments">Secure of Base Intellectual System</VersionInfoKeys></VersionInfoKeys><Source><Source Name="MainSource">Plg1.dpk</Source></Source>  <Excluded_Packages>
      
      
      
      
      
      
      
      
      
      
      
      
      
      
      
      
      
      
      
      
      
      
      
      
      
      
      
      
      
      
      
      
      
      
      
      
      
      
      
      
      
      
      
      
      
      
      
      
      
      
      
      
      
      
      
      
      
      
      
      
      
      
      
      
      
      
      
      
      
      
      
      
      <Excluded_Packages Name="$(BDS)\bin\dclofficexp100.bpl">Microsoft Office XP Sample Automation Server Wrapper Components</Excluded_Packages>
      <Excluded_Packages Name="$(BDS)\bin\bcboffice2k100.bpl">CodeGear C++Builder Office 2000 Servers Package</Excluded_Packages>
      <Excluded_Packages Name="$(BDS)\bin\bcbofficexp100.bpl">CodeGear C++Builder Office XP Servers Package</Excluded_Packages>
      <Excluded_Packages Name="$(BDS)\bin\dcloffice2k100.bpl">Microsoft Office 2000 Sample Automation Server Wrapper Components</Excluded_Packages>
    </Excluded_Packages>
  </Delphi.Personality></BorlandProject></BorlandProject>
  </ProjectExtensions>
  <Import Project="$(MSBuildBinPath)\Borland.Delphi.Targets" />
  <ItemGroup>
    <DelphiCompile Include="Plg1.dpk">
      <MainSource>MainSource</MainSource>
    </DelphiCompile>
    <DCCReference Include="dws2Runtime.dcp" />
    <DCCReference Include="in1.pas">
      <Form>DataModule1</Form>
      <DesignClass>TDataModule</DesignClass>
    </DCCReference>
    <DCCReference Include="in1Register.pas" />
    <DCCReference Include="Package1.dcp" />
    <DCCReference Include="vcl.dcp" />
  </ItemGroup>
</Project>