<Project xmlns="http://schemas.microsoft.com/developer/msbuild/2003">
  <PropertyGroup>
    <ProjectGuid>{96d3e14e-c4c3-4c66-abba-50ad7a408a83}</ProjectGuid>
    <MainSource>pas2html.dpr</MainSource>
    <Configuration Condition=" '$(Configuration)' == '' ">Debug</Configuration>
    <Platform Condition=" '$(Platform)' == '' ">AnyCPU</Platform>
    <DCC_DCCCompiler>DCC32</DCC_DCCCompiler>
    <DCC_DependencyCheckOutputName>pas2html.exe</DCC_DependencyCheckOutputName>
  </PropertyGroup>
  <PropertyGroup Condition=" '$(Configuration)|$(Platform)' == 'Release|AnyCPU' ">
    <Version>7.0</Version>
    <DCC_DebugInformation>False</DCC_DebugInformation>
    <DCC_LocalDebugSymbols>False</DCC_LocalDebugSymbols>
    <DCC_SymbolReferenceInfo>0</DCC_SymbolReferenceInfo>
    <DCC_MapFile>3</DCC_MapFile>
    <DCC_UnitSearchPath>U:\source\_dcp;U:\source\core.bpl;U:\source\core.bpl\imports\Indy\Core;U:\source\core.bpl\imports\Indy\Protocols;U:\source\core.bpl\imports\Indy\SuperCore;U:\source\core.bpl\imports\Indy\System;U:\source\core.bpl\imports\Cipher\Source;U:\source\core.bpl\imports\kbmMemTable\Source;U:\source\core.bpl\imports\Jcl;U:\source\core.bpl\imports\MsysInfo\Source;U:\source\core.bpl\imports\GifImage;U:\source\core.bpl\imports\hexedit\vcl;U:\source\core.bpl\imports\SynEdit\Source</DCC_UnitSearchPath>
    <DCC_ResourcePath>U:\source\_dcp;U:\source\core.bpl;U:\source\core.bpl\imports\Indy\Core;U:\source\core.bpl\imports\Indy\Protocols;U:\source\core.bpl\imports\Indy\SuperCore;U:\source\core.bpl\imports\Indy\System;U:\source\core.bpl\imports\Cipher\Source;U:\source\core.bpl\imports\kbmMemTable\Source;U:\source\core.bpl\imports\Jcl;U:\source\core.bpl\imports\MsysInfo\Source;U:\source\core.bpl\imports\GifImage;U:\source\core.bpl\imports\hexedit\vcl;U:\source\core.bpl\imports\SynEdit\Source</DCC_ResourcePath>
    <DCC_ObjPath>U:\source\_dcp;U:\source\core.bpl;U:\source\core.bpl\imports\Indy\Core;U:\source\core.bpl\imports\Indy\Protocols;U:\source\core.bpl\imports\Indy\SuperCore;U:\source\core.bpl\imports\Indy\System;U:\source\core.bpl\imports\Cipher\Source;U:\source\core.bpl\imports\kbmMemTable\Source;U:\source\core.bpl\imports\Jcl;U:\source\core.bpl\imports\MsysInfo\Source;U:\source\core.bpl\imports\GifImage;U:\source\core.bpl\imports\hexedit\vcl;U:\source\core.bpl\imports\SynEdit\Source</DCC_ObjPath>
    <DCC_IncludePath>U:\source\_dcp;U:\source\core.bpl;U:\source\core.bpl\imports\Indy\Core;U:\source\core.bpl\imports\Indy\Protocols;U:\source\core.bpl\imports\Indy\SuperCore;U:\source\core.bpl\imports\Indy\System;U:\source\core.bpl\imports\Cipher\Source;U:\source\core.bpl\imports\kbmMemTable\Source;U:\source\core.bpl\imports\Jcl;U:\source\core.bpl\imports\MsysInfo\Source;U:\source\core.bpl\imports\GifImage;U:\source\core.bpl\imports\hexedit\vcl;U:\source\core.bpl\imports\SynEdit\Source</DCC_IncludePath>
    <DCC_Define>DEBUG;RELEASE</DCC_Define>
    <DCC_SYMBOL_DEPRECATED>False</DCC_SYMBOL_DEPRECATED>
    <DCC_SYMBOL_LIBRARY>False</DCC_SYMBOL_LIBRARY>
    <DCC_SYMBOL_PLATFORM>False</DCC_SYMBOL_PLATFORM>
    <DCC_SYMBOL_EXPERIMENTAL>False</DCC_SYMBOL_EXPERIMENTAL>
    <DCC_UNIT_LIBRARY>False</DCC_UNIT_LIBRARY>
    <DCC_UNIT_PLATFORM>False</DCC_UNIT_PLATFORM>
    <DCC_UNIT_DEPRECATED>False</DCC_UNIT_DEPRECATED>
    <DCC_UNIT_EXPERIMENTAL>False</DCC_UNIT_EXPERIMENTAL>
    <DCC_IMPLICIT_IMPORT>False</DCC_IMPLICIT_IMPORT>
  </PropertyGroup>
  <PropertyGroup Condition=" '$(Configuration)|$(Platform)' == 'Debug|AnyCPU' ">
    <Version>7.0</Version>
    <DCC_MapFile>3</DCC_MapFile>
    <DCC_UnitSearchPath>U:\source\_dcp;U:\source\core.bpl;U:\source\core.bpl\imports\Indy\Core;U:\source\core.bpl\imports\Indy\Protocols;U:\source\core.bpl\imports\Indy\SuperCore;U:\source\core.bpl\imports\Indy\System;U:\source\core.bpl\imports\Cipher\Source;U:\source\core.bpl\imports\kbmMemTable\Source;U:\source\core.bpl\imports\Jcl;U:\source\core.bpl\imports\MsysInfo\Source;U:\source\core.bpl\imports\GifImage;U:\source\core.bpl\imports\hexedit\vcl;U:\source\core.bpl\imports\SynEdit\Source</DCC_UnitSearchPath>
    <DCC_ResourcePath>U:\source\_dcp;U:\source\core.bpl;U:\source\core.bpl\imports\Indy\Core;U:\source\core.bpl\imports\Indy\Protocols;U:\source\core.bpl\imports\Indy\SuperCore;U:\source\core.bpl\imports\Indy\System;U:\source\core.bpl\imports\Cipher\Source;U:\source\core.bpl\imports\kbmMemTable\Source;U:\source\core.bpl\imports\Jcl;U:\source\core.bpl\imports\MsysInfo\Source;U:\source\core.bpl\imports\GifImage;U:\source\core.bpl\imports\hexedit\vcl;U:\source\core.bpl\imports\SynEdit\Source</DCC_ResourcePath>
    <DCC_ObjPath>U:\source\_dcp;U:\source\core.bpl;U:\source\core.bpl\imports\Indy\Core;U:\source\core.bpl\imports\Indy\Protocols;U:\source\core.bpl\imports\Indy\SuperCore;U:\source\core.bpl\imports\Indy\System;U:\source\core.bpl\imports\Cipher\Source;U:\source\core.bpl\imports\kbmMemTable\Source;U:\source\core.bpl\imports\Jcl;U:\source\core.bpl\imports\MsysInfo\Source;U:\source\core.bpl\imports\GifImage;U:\source\core.bpl\imports\hexedit\vcl;U:\source\core.bpl\imports\SynEdit\Source</DCC_ObjPath>
    <DCC_IncludePath>U:\source\_dcp;U:\source\core.bpl;U:\source\core.bpl\imports\Indy\Core;U:\source\core.bpl\imports\Indy\Protocols;U:\source\core.bpl\imports\Indy\SuperCore;U:\source\core.bpl\imports\Indy\System;U:\source\core.bpl\imports\Cipher\Source;U:\source\core.bpl\imports\kbmMemTable\Source;U:\source\core.bpl\imports\Jcl;U:\source\core.bpl\imports\MsysInfo\Source;U:\source\core.bpl\imports\GifImage;U:\source\core.bpl\imports\hexedit\vcl;U:\source\core.bpl\imports\SynEdit\Source</DCC_IncludePath>
    <DCC_Define>DEBUG;DEBUG</DCC_Define>
    <DCC_SYMBOL_DEPRECATED>False</DCC_SYMBOL_DEPRECATED>
    <DCC_SYMBOL_LIBRARY>False</DCC_SYMBOL_LIBRARY>
    <DCC_SYMBOL_PLATFORM>False</DCC_SYMBOL_PLATFORM>
    <DCC_SYMBOL_EXPERIMENTAL>False</DCC_SYMBOL_EXPERIMENTAL>
    <DCC_UNIT_LIBRARY>False</DCC_UNIT_LIBRARY>
    <DCC_UNIT_PLATFORM>False</DCC_UNIT_PLATFORM>
    <DCC_UNIT_DEPRECATED>False</DCC_UNIT_DEPRECATED>
    <DCC_UNIT_EXPERIMENTAL>False</DCC_UNIT_EXPERIMENTAL>
    <DCC_IMPLICIT_IMPORT>False</DCC_IMPLICIT_IMPORT>
  </PropertyGroup>
  <ProjectExtensions>
    <Borland.Personality>Delphi.Personality</Borland.Personality>
    <Borland.ProjectType>VCLApplication</Borland.ProjectType>
    <BorlandProject>
<BorlandProject xmlns=""> <Delphi.Personality>   <Parameters>
      <Parameters Name="RunParams">/config imdesign.ini</Parameters>
      <Parameters Name="HostApplication">U:\bin\loader.exe</Parameters>
      <Parameters Name="UseLauncher">False</Parameters>
      <Parameters Name="LoadAllSymbols">True</Parameters>
      <Parameters Name="LoadUnspecifiedSymbols">False</Parameters>
    </Parameters>
    <VersionInfo>
      <VersionInfo Name="IncludeVerInfo">False</VersionInfo>
      <VersionInfo Name="AutoIncBuild">True</VersionInfo>
      <VersionInfo Name="MajorVer">1</VersionInfo>
      <VersionInfo Name="MinorVer">0</VersionInfo>
      <VersionInfo Name="Release">0</VersionInfo>
      <VersionInfo Name="Build">189</VersionInfo>
      <VersionInfo Name="Debug">False</VersionInfo>
      <VersionInfo Name="PreRelease">False</VersionInfo>
      <VersionInfo Name="Special">False</VersionInfo>
      <VersionInfo Name="Private">False</VersionInfo>
      <VersionInfo Name="DLL">False</VersionInfo>
      <VersionInfo Name="Locale">1049</VersionInfo>
      <VersionInfo Name="CodePage">1251</VersionInfo>
    </VersionInfo>
    <VersionInfoKeys>
      <VersionInfoKeys Name="CompanyName">NextSoft</VersionInfoKeys>
      <VersionInfoKeys Name="FileDescription">Mysql connection module</VersionInfoKeys>
      <VersionInfoKeys Name="FileVersion">1.0.0.189</VersionInfoKeys>
      <VersionInfoKeys Name="InternalName">cmmysql.bpl</VersionInfoKeys>
      <VersionInfoKeys Name="LegalCopyright">NextSoft</VersionInfoKeys>
      <VersionInfoKeys Name="LegalTrademarks">NextSoft</VersionInfoKeys>
      <VersionInfoKeys Name="OriginalFilename">cmmysql.bpl</VersionInfoKeys>
      <VersionInfoKeys Name="ProductName">BIS</VersionInfoKeys>
      <VersionInfoKeys Name="ProductVersion">1.0.0.0</VersionInfoKeys>
      <VersionInfoKeys Name="Comments">Mysql connection module</VersionInfoKeys>
    </VersionInfoKeys>
    <Excluded_Packages>
      
      
      
      
      
      
      
      
      
      
      
      
      
      
      
      
      
      
      <Excluded_Packages Name="$(BDS)\bin\dclofficexp100.bpl">Microsoft Office XP Sample Automation Server Wrapper Components</Excluded_Packages>
      <Excluded_Packages Name="$(BDS)\bin\bcboffice2k100.bpl">CodeGear C++Builder Office 2000 Servers Package</Excluded_Packages>
      <Excluded_Packages Name="$(BDS)\bin\bcbofficexp100.bpl">CodeGear C++Builder Office XP Servers Package</Excluded_Packages>
      <Excluded_Packages Name="$(BDS)\bin\dcloffice2k100.bpl">Microsoft Office 2000 Sample Automation Server Wrapper Components</Excluded_Packages>
      <Excluded_Packages Name="E:\work\!_for_bis\DwsNew\dws2src20-20030907\dws2rel\Dws2Tools\IdeDialog\dcldws2IdeDialog.bpl">DelphiWebScript II - Component IDE Dialog</Excluded_Packages>
      <Excluded_Packages Name="E:\work\!_for_bis\DwsNew\dws2src20-20030907\dws2rel\Dws2Tools\IdeDialog\dws2IdeDialogRuntime.bpl">DelphiWebScript II - IDE Dialog</Excluded_Packages>
    </Excluded_Packages>
    <Source>
      <Source Name="MainSource">pas2html.dpr</Source>
    </Source>
  </Delphi.Personality> </BorlandProject></BorlandProject>
  </ProjectExtensions>
  <ItemGroup />
  <ItemGroup>
    <DelphiCompile Include="pas2html.dpr">
      <MainSource>MainSource</MainSource>
    </DelphiCompile>
  </ItemGroup>
  <Import Project="$(MSBuildBinPath)\Borland.Delphi.Targets" />
</Project>